
Microsoft Visual Studio Solution File, Format Version 12.00
# Visual Studio Version 17
VisualStudioVersion = 17.12.35527.113 d17.12
MinimumVisualStudioVersion = 10.0.40219.1
Project("{FAE04EC0-301F-11D3-BF4B-00C04F79EFBC}") = "TestGitOperations.Server", "TestGitOperations.Server\TestGitOperations.Server.csproj", "{9C9A1D01-E340-4D6C-98DC-20176B01E429}"
EndProject
Project("{54A90642-561A-4BB1-A94E-469ADEE60C69}") = "testgitoperations.client", "testgitoperations.client\testgitoperations.client.esproj", "{5D35CE3E-5895-449D-99FF-F299F53E41AA}"
EndProject
Global
	GlobalSection(SolutionConfigurationPlatforms) = preSolution
		Debug|Any CPU = Debug|Any CPU
		Release|Any CPU = Release|Any CPU
	EndGlobalSection
	GlobalSection(ProjectConfigurationPlatforms) = postSolution
		{9C9A1D01-E340-4D6C-98DC-20176B01E429}.Debug|Any CPU.ActiveCfg = Debug|Any CPU
		{9C9A1D01-E340-4D6C-98DC-20176B01E429}.Debug|Any CPU.Build.0 = Debug|Any CPU
		{9C9A1D01-E340-4D6C-98DC-20176B01E429}.Release|Any CPU.ActiveCfg = Release|Any CPU
		{9C9A1D01-E340-4D6C-98DC-20176B01E429}.Release|Any CPU.Build.0 = Release|Any CPU
		{5D35CE3E-5895-449D-99FF-F299F53E41AA}.Debug|Any CPU.ActiveCfg = Debug|Any CPU
		{5D35CE3E-5895-449D-99FF-F299F53E41AA}.Debug|Any CPU.Build.0 = Debug|Any CPU
		{5D35CE3E-5895-449D-99FF-F299F53E41AA}.Debug|Any CPU.Deploy.0 = Debug|Any CPU
		{5D35CE3E-5895-449D-99FF-F299F53E41AA}.Release|Any CPU.ActiveCfg = Release|Any CPU
		{5D35CE3E-5895-449D-99FF-F299F53E41AA}.Release|Any CPU.Build.0 = Release|Any CPU
		{5D35CE3E-5895-449D-99FF-F299F53E41AA}.Release|Any CPU.Deploy.0 = Release|Any CPU
	EndGlobalSection
	GlobalSection(SolutionProperties) = preSolution
		HideSolutionNode = FALSE
	EndGlobalSection
EndGlobal
